
Microsoft Visual Studio Solution File, Format Version 12.00
# Visual Studio Version 16
VisualStudioVersion = 16.0.30406.217
MinimumVisualStudioVersion = 10.0.40219.1
Project("{00D1A9C2-B5F0-4AF3-8072-F6C62B433612}") = "SQLProject_Drone_CICD", "SQLProject_Drone_CICD\SQLProject_Drone_CICD.sqlproj", "{90B5F9F3-69BC-430B-BDAE-A3BC0759479A}"
EndProject
Project("{FAE04EC0-301F-11D3-BF4B-00C04F79EFBC}") = "SQLProject_Drone_CICD.build", "SQLProject_Drone_CICD.build\SQLProject_Drone_CICD.build.csproj", "{002DD016-06C5-4BCB-981C-947C04A7974A}"
EndProject
Global
	GlobalSection(SolutionConfigurationPlatforms) = preSolution
		Debug|Any CPU = Debug|Any CPU
		Release|Any CPU = Release|Any CPU
	EndGlobalSection
	GlobalSection(ProjectConfigurationPlatforms) = postSolution
		{90B5F9F3-69BC-430B-BDAE-A3BC0759479A}.Debug|Any CPU.ActiveCfg = Debug|Any CPU
		{90B5F9F3-69BC-430B-BDAE-A3BC0759479A}.Debug|Any CPU.Deploy.0 = Debug|Any CPU
		{90B5F9F3-69BC-430B-BDAE-A3BC0759479A}.Release|Any CPU.ActiveCfg = Release|Any CPU
		{90B5F9F3-69BC-430B-BDAE-A3BC0759479A}.Release|Any CPU.Deploy.0 = Release|Any CPU
		{002DD016-06C5-4BCB-981C-947C04A7974A}.Debug|Any CPU.ActiveCfg = Debug|Any CPU
		{002DD016-06C5-4BCB-981C-947C04A7974A}.Debug|Any CPU.Build.0 = Debug|Any CPU
		{002DD016-06C5-4BCB-981C-947C04A7974A}.Release|Any CPU.ActiveCfg = Release|Any CPU
		{002DD016-06C5-4BCB-981C-947C04A7974A}.Release|Any CPU.Build.0 = Release|Any CPU
	EndGlobalSection
	GlobalSection(SolutionProperties) = preSolution
		HideSolutionNode = FALSE
	EndGlobalSection
	GlobalSection(ExtensibilityGlobals) = postSolution
		SolutionGuid = {DB22B9DC-F0B0-457A-825D-3046DB474482}
	EndGlobalSection
EndGlobal
